<?xml version="1.0" encoding="utf-8"?>
<Project ToolsVersion="4.0" xmlns="http://schemas.microsoft.com/developer/msbuild/2003">
  <ItemGroup>
    <Filter Include="include">
      <UniqueIdentifier>{cbae9486-9080-4508-99e5-b318a8d3892c}</UniqueIdentifier>
    </Filter>
    <Filter Include="source">
      <UniqueIdentifier>{6880e05f-fb4e-441f-8904-a7b69068b59a}</UniqueIdentifier>
    </Filter>
    <Filter Include="packet">
      <UniqueIdentifier>{5089bfbe-e8f7-44ad-a35f-3f20be4c4b70}</UniqueIdentifier>
    </Filter>
  </ItemGroup>
  <ItemGroup>
    <ClInclude Include="..\..\include\ClientNetwork.h">
      <Filter>include</Filter>
    </ClInclude>
    <ClInclude Include="..\..\include\dllexport.h">
      <Filter>include</Filter>
    </ClInclude>
    <ClInclude Include="..\..\include\io_service_pool.hpp">
      <Filter>include</Filter>
    </ClInclude>
    <ClInclude Include="..\..\include\job_queue.hpp">
      <Filter>include</Filter>
    </ClInclude>
    <ClInclude Include="..\..\include\msg_def.hpp">
      <Filter>include</Filter>
    </ClInclude>
    <ClInclude Include="..\..\include\net_comm.hpp">
      <Filter>include</Filter>
    </ClInclude>
    <ClInclude Include="..\..\include\packet_factory.h">
      <Filter>include</Filter>
    </ClInclude>
    <ClInclude Include="..\..\include\safe_atom.hpp">
      <Filter>include</Filter>
    </ClInclude>
    <ClInclude Include="..\..\include\safe_buffer.h">
      <Filter>include</Filter>
    </ClInclude>
    <ClInclude Include="..\..\include\safe_circular_buffer.h">
      <Filter>include</Filter>
    </ClInclude>
    <ClInclude Include="..\..\include\safe_container.h">
      <Filter>include</Filter>
    </ClInclude>
    <ClInclude Include="..\..\include\safe_map.hpp">
      <Filter>include</Filter>
    </ClInclude>
    <ClInclude Include="..\..\include\safe_singleton.hpp">
      <Filter>include</Filter>
    </ClInclude>
    <ClInclude Include="..\..\include\safe_stack_buffer.h">
      <Filter>include</Filter>
    </ClInclude>
    <ClInclude Include="..\..\include\safe_vector.h">
      <Filter>include</Filter>
    </ClInclude>
    <ClInclude Include="..\..\include\scheduler.hpp">
      <Filter>include</Filter>
    </ClInclude>
    <ClInclude Include="..\..\include\serial_packet.h">
      <Filter>include</Filter>
    </ClInclude>
    <ClInclude Include="..\..\include\ServerNetwork.h">
      <Filter>include</Filter>
    </ClInclude>
    <ClInclude Include="..\..\include\tcp_buffer.hpp">
      <Filter>include</Filter>
    </ClInclude>
    <ClInclude Include="..\..\include\tcp_client.hpp">
      <Filter>include</Filter>
    </ClInclude>
    <ClInclude Include="..\..\include\tcp_comm.hpp">
      <Filter>include</Filter>
    </ClInclude>
    <ClInclude Include="..\..\include\tcp_message.hpp">
      <Filter>include</Filter>
    </ClInclude>
    <ClInclude Include="..\..\include\tcp_server.hpp">
      <Filter>include</Filter>
    </ClInclude>
    <ClInclude Include="..\..\include\tcp_session.hpp">
      <Filter>include</Filter>
    </ClInclude>
    <ClInclude Include="..\..\include\thread_header.hpp">
      <Filter>include</Filter>
    </ClInclude>
    <ClInclude Include="..\..\include\worker.h">
      <Filter>include</Filter>
    </ClInclude>
    <ClInclude Include="..\..\packet\packet.h">
      <Filter>packet</Filter>
    </ClInclude>
    <ClInclude Include="..\..\packet\packet_type.h">
      <Filter>packet</Filter>
    </ClInclude>
  </ItemGroup>
  <ItemGroup>
    <ClCompile Include="..\..\source\ClientNetwork.cpp">
      <Filter>source</Filter>
    </ClCompile>
    <ClCompile Include="..\..\source\io_service_pool.cpp">
      <Filter>source</Filter>
    </ClCompile>
    <ClCompile Include="..\..\source\net_comm.cpp">
      <Filter>source</Filter>
    </ClCompile>
    <ClCompile Include="..\..\source\ServerNetwork.cpp">
      <Filter>source</Filter>
    </ClCompile>
    <ClCompile Include="..\..\source\tcp_client.cpp">
      <Filter>source</Filter>
    </ClCompile>
    <ClCompile Include="..\..\source\tcp_message.cpp">
      <Filter>source</Filter>
    </ClCompile>
    <ClCompile Include="..\..\source\tcp_server.cpp">
      <Filter>source</Filter>
    </ClCompile>
    <ClCompile Include="..\..\source\tcp_session.cpp">
      <Filter>source</Filter>
    </ClCompile>
  </ItemGroup>
</Project>